
Microsoft Visual Studio Solution File, Format Version 12.00
# Visual Studio Version 16
VisualStudioVersion = 16.0.31613.86
MinimumVisualStudioVersion = 10.0.40219.1
Project("{FAE04EC0-301F-11D3-BF4B-00C04F79EFBC}") = "KARC", "KARC\KARC.csproj", "{EB34989A-58FF-4D50-A3D7-B489F04CCAC8}"
EndProject
Global
	GlobalSection(SolutionConfigurationPlatforms) = preSolution
		Debug|Any CPU = Debug|Any CPU
		Release|Any CPU = Release|Any CPU
	EndGlobalSection
	GlobalSection(ProjectConfigurationPlatforms) = postSolution
		{EB34989A-58FF-4D50-A3D7-B489F04CCAC8}.Debug|Any CPU.ActiveCfg = Debug|Any CPU
		{EB34989A-58FF-4D50-A3D7-B489F04CCAC8}.Debug|Any CPU.Build.0 = Debug|Any CPU
		{EB34989A-58FF-4D50-A3D7-B489F04CCAC8}.Release|Any CPU.ActiveCfg = Release|Any CPU
		{EB34989A-58FF-4D50-A3D7-B489F04CCAC8}.Release|Any CPU.Build.0 = Release|Any CPU
	EndGlobalSection
	GlobalSection(SolutionProperties) = preSolution
		HideSolutionNode = FALSE
	EndGlobalSection
	GlobalSection(ExtensibilityGlobals) = postSolution
		SolutionGuid = {CEB13755-E079-4A53-A275-9EE3919B7196}
	EndGlobalSection
EndGlobal
